
Microsoft Visual Studio Solution File, Format Version 12.00
# Visual Studio Version 16
VisualStudioVersion = 16.0.35425.106
MinimumVisualStudioVersion = 10.0.40219.1
Project("{FAE04EC0-301F-11D3-BF4B-00C04F79EFBC}") = "Gestiunea_stocurilor", "Gestiunea_stocurilor.csproj", "{5D2FC06A-BD02-475A-9C22-19C730CB05D2}"
EndProject
Global
	GlobalSection(SolutionConfigurationPlatforms) = preSolution
		Debug|Any CPU = Debug|Any CPU
		Release|Any CPU = Release|Any CPU
	EndGlobalSection
	GlobalSection(ProjectConfigurationPlatforms) = postSolution
		{5D2FC06A-BD02-475A-9C22-19C730CB05D2}.Debug|Any CPU.ActiveCfg = Debug|Any CPU
		{5D2FC06A-BD02-475A-9C22-19C730CB05D2}.Debug|Any CPU.Build.0 = Debug|Any CPU
		{5D2FC06A-BD02-475A-9C22-19C730CB05D2}.Release|Any CPU.ActiveCfg = Release|Any CPU
		{5D2FC06A-BD02-475A-9C22-19C730CB05D2}.Release|Any CPU.Build.0 = Release|Any CPU
	EndGlobalSection
	GlobalSection(SolutionProperties) = preSolution
		HideSolutionNode = FALSE
	EndGlobalSection
	GlobalSection(ExtensibilityGlobals) = postSolution
		SolutionGuid = {2798370B-267E-4934-A4EC-0F88D90BC700}
	EndGlobalSection
EndGlobal
